// !$*UTF8*$!
{
	archiveVersion = 1;
	classes = {
	};
	objectVersion = 56;
	objects = {

/* Begin PBXBuildFile section */
		E3568C7A2B3D6F5D002BE9E7 /* LoadingButtonView.swift in Sources */ = {isa = PBXBuildFile; fileRef = E3568C792B3D6F5D002BE9E7 /* LoadingButtonView.swift */; };
		E36A63B72B3C8A1A006C0F4B /* String+Extension.swift in Sources */ = {isa = PBXBuildFile; fileRef = E36A63B62B3C8A1A006C0F4B /* String+Extension.swift */; };
		E39CAD762B3513CE0035244A /* HabitPlusApp.swift in Sources */ = {isa = PBXBuildFile; fileRef = E39CAD752B3513CE0035244A /* HabitPlusApp.swift */; };
		E39CAD7A2B3513CF0035244A /* Assets.xcassets in Resources */ = {isa = PBXBuildFile; fileRef = E39CAD792B3513CF0035244A /* Assets.xcassets */; };
		E39CAD7D2B3513CF0035244A /* Preview Assets.xcassets in Resources */ = {isa = PBXBuildFile; fileRef = E39CAD7C2B3513CF0035244A /* Preview Assets.xcassets */; };
		E39CAD862B35146E0035244A /* SplashView.swift in Sources */ = {isa = PBXBuildFile; fileRef = E39CAD852B35146E0035244A /* SplashView.swift */; };
		E39CAD892B36F5040035244A /* SplashUIState.swift in Sources */ = {isa = PBXBuildFile; fileRef = E39CAD882B36F5040035244A /* SplashUIState.swift */; };
		E39CAD8C2B372ECB0035244A /* SplashViewModel.swift in Sources */ = {isa = PBXBuildFile; fileRef = E39CAD8B2B372ECB0035244A /* SplashViewModel.swift */; };
		E39CAD922B3752380035244A /* LogInView.swift in Sources */ = {isa = PBXBuildFile; fileRef = E39CAD912B3752380035244A /* LogInView.swift */; };
		E39CAD942B37525D0035244A /* LogInViewModel.swift in Sources */ = {isa = PBXBuildFile; fileRef = E39CAD932B37525D0035244A /* LogInViewModel.swift */; };
		E39CAD962B3753660035244A /* SplashVIewRouter.swift in Sources */ = {isa = PBXBuildFile; fileRef = E39CAD952B3753660035244A /* SplashVIewRouter.swift */; };
		E39CAD982B383DD60035244A /* LogInUIState.swift in Sources */ = {isa = PBXBuildFile; fileRef = E39CAD972B383DD60035244A /* LogInUIState.swift */; };
		E39CAD9A2B3843440035244A /* LogInViewRouter.swift in Sources */ = {isa = PBXBuildFile; fileRef = E39CAD992B3843440035244A /* LogInViewRouter.swift */; };
		E39CADA02B3843B60035244A /* HomeViewModel.swift in Sources */ = {isa = PBXBuildFile; fileRef = E39CAD9F2B3843B60035244A /* HomeViewModel.swift */; };
		E39CADA22B3843C20035244A /* HomeView.swift in Sources */ = {isa = PBXBuildFile; fileRef = E39CADA12B3843C20035244A /* HomeView.swift */; };
		E39CADA82B38D68F0035244A /* SignUpVIew.swift in Sources */ = {isa = PBXBuildFile; fileRef = E39CADA72B38D68F0035244A /* SignUpVIew.swift */; };
		E39CADAC2B3A15210035244A /* Gender.swift in Sources */ = {isa = PBXBuildFile; fileRef = E39CADAB2B3A15210035244A /* Gender.swift */; };
		E39CADAE2B3A1EE80035244A /* SignUpUIState.swift in Sources */ = {isa = PBXBuildFile; fileRef = E39CADAD2B3A1EE80035244A /* SignUpUIState.swift */; };
		E39CADB02B3A1F2C0035244A /* SignUpViewModel.swift in Sources */ = {isa = PBXBuildFile; fileRef = E39CADAF2B3A1F2C0035244A /* SignUpViewModel.swift */; };
		E39CADB22B3A1FD50035244A /* SignUpViewRouter.swift in Sources */ = {isa = PBXBuildFile; fileRef = E39CADB12B3A1FD50035244A /* SignUpViewRouter.swift */; };
		E3F173EB2B3B35740084413D /* EditTextView.swift in Sources */ = {isa = PBXBuildFile; fileRef = E3F173EA2B3B35740084413D /* EditTextView.swift */; };
		E3F173EE2B3C20CC0084413D /* CustomTextFieldStyle.swift in Sources */ = {isa = PBXBuildFile; fileRef = E3F173ED2B3C20CC0084413D /* CustomTextFieldStyle.swift */; };
/* End PBXBuildFile section */

/* Begin PBXFileReference section */
		E3568C792B3D6F5D002BE9E7 /* LoadingButtonView.swift */ = {isa = PBXFileReference; lastKnownFileType = sourcecode.swift; path = LoadingButtonView.swift; sourceTree = "<group>"; };
		E36A63B62B3C8A1A006C0F4B /* String+Extension.swift */ = {isa = PBXFileReference; lastKnownFileType = sourcecode.swift; path = "String+Extension.swift"; sourceTree = "<group>"; };
		E39CAD722B3513CE0035244A /* HabitPlus.app */ = {isa = PBXFileReference; explicitFileType = wrapper.application; includeInIndex = 0; path = HabitPlus.app; sourceTree = BUILT_PRODUCTS_DIR; };
		E39CAD752B3513CE0035244A /* HabitPlusApp.swift */ = {isa = PBXFileReference; lastKnownFileType = sourcecode.swift; path = HabitPlusApp.swift; sourceTree = "<group>"; };
		E39CAD792B3513CF0035244A /* Assets.xcassets */ = {isa = PBXFileReference; lastKnownFileType = folder.assetcatalog; path = Assets.xcassets; sourceTree = "<group>"; };
		E39CAD7C2B3513CF0035244A /* Preview Assets.xcassets */ = {isa = PBXFileReference; lastKnownFileType = folder.assetcatalog; path = "Preview Assets.xcassets"; sourceTree = "<group>"; };
		E39CAD852B35146E0035244A /* SplashView.swift */ = {isa = PBXFileReference; lastKnownFileType = sourcecode.swift; path = SplashView.swift; sourceTree = "<group>"; };
		E39CAD882B36F5040035244A /* SplashUIState.swift */ = {isa = PBXFileReference; lastKnownFileType = sourcecode.swift; path = SplashUIState.swift; sourceTree = "<group>"; };
		E39CAD8B2B372ECB0035244A /* SplashViewModel.swift */ = {isa = PBXFileReference; lastKnownFileType = sourcecode.swift; path = SplashViewModel.swift; sourceTree = "<group>"; };
		E39CAD912B3752380035244A /* LogInView.swift */ = {isa = PBXFileReference; lastKnownFileType = sourcecode.swift; path = LogInView.swift; sourceTree = "<group>"; };
		E39CAD932B37525D0035244A /* LogInViewModel.swift */ = {isa = PBXFileReference; lastKnownFileType = sourcecode.swift; path = LogInViewModel.swift; sourceTree = "<group>"; };
		E39CAD952B3753660035244A /* SplashVIewRouter.swift */ = {isa = PBXFileReference; lastKnownFileType = sourcecode.swift; path = SplashVIewRouter.swift; sourceTree = "<group>"; };
		E39CAD972B383DD60035244A /* LogInUIState.swift */ = {isa = PBXFileReference; lastKnownFileType = sourcecode.swift; path = LogInUIState.swift; sourceTree = "<group>"; };
		E39CAD992B3843440035244A /* LogInViewRouter.swift */ = {isa = PBXFileReference; lastKnownFileType = sourcecode.swift; path = LogInViewRouter.swift; sourceTree = "<group>"; };
		E39CAD9F2B3843B60035244A /* HomeViewModel.swift */ = {isa = PBXFileReference; lastKnownFileType = sourcecode.swift; path = HomeViewModel.swift; sourceTree = "<group>"; };
		E39CADA12B3843C20035244A /* HomeView.swift */ = {isa = PBXFileReference; lastKnownFileType = sourcecode.swift; path = HomeView.swift; sourceTree = "<group>"; };
		E39CADA72B38D68F0035244A /* SignUpVIew.swift */ = {isa = PBXFileReference; lastKnownFileType = sourcecode.swift; path = SignUpVIew.swift; sourceTree = "<group>"; };
		E39CADAB2B3A15210035244A /* Gender.swift */ = {isa = PBXFileReference; lastKnownFileType = sourcecode.swift; path = Gender.swift; sourceTree = "<group>"; };
		E39CADAD2B3A1EE80035244A /* SignUpUIState.swift */ = {isa = PBXFileReference; lastKnownFileType = sourcecode.swift; path = SignUpUIState.swift; sourceTree = "<group>"; };
		E39CADAF2B3A1F2C0035244A /* SignUpViewModel.swift */ = {isa = PBXFileReference; lastKnownFileType = sourcecode.swift; path = SignUpViewModel.swift; sourceTree = "<group>"; };
		E39CADB12B3A1FD50035244A /* SignUpViewRouter.swift */ = {isa = PBXFileReference; lastKnownFileType = sourcecode.swift; path = SignUpViewRouter.swift; sourceTree = "<group>"; };
		E3F173EA2B3B35740084413D /* EditTextView.swift */ = {isa = PBXFileReference; lastKnownFileType = sourcecode.swift; path = EditTextView.swift; sourceTree = "<group>"; };
		E3F173ED2B3C20CC0084413D /* CustomTextFieldStyle.swift */ = {isa = PBXFileReference; lastKnownFileType = sourcecode.swift; path = CustomTextFieldStyle.swift; sourceTree = "<group>"; };
/* End PBXFileReference section */

/* Begin PBXFrameworksBuildPhase section */
		E39CAD6F2B3513CE0035244A /* Frameworks */ = {
			isa = PBXFrameworksBuildPhase;
			buildActionMask = 2147483647;
			files = (
			);
			runOnlyForDeploymentPostprocessing = 0;
		};
/* End PBXFrameworksBuildPhase section */

/* Begin PBXGroup section */
		E36A63B52B3C89EF006C0F4B /* Lang */ = {
			isa = PBXGroup;
			children = (
				E36A63B62B3C8A1A006C0F4B /* String+Extension.swift */,
			);
			path = Lang;
			sourceTree = "<group>";
		};
		E39CAD692B3513CE0035244A = {
			isa = PBXGroup;
			children = (
				E39CAD742B3513CE0035244A /* HabitPlus */,
				E39CAD732B3513CE0035244A /* Products */,
			);
			sourceTree = "<group>";
		};
		E39CAD732B3513CE0035244A /* Products */ = {
			isa = PBXGroup;
			children = (
				E39CAD722B3513CE0035244A /* HabitPlus.app */,
			);
			name = Products;
			sourceTree = "<group>";
		};
		E39CAD742B3513CE0035244A /* HabitPlus */ = {
			isa = PBXGroup;
			children = (
				E39CADA92B3A15080035244A /* Common */,
				E39CADA32B38D66A0035244A /* SignUp */,
				E39CAD9B2B38438E0035244A /* Home */,
				E39CAD8D2B3751F50035244A /* LogIn */,
				E39CAD832B3514490035244A /* Splash */,
				E39CAD752B3513CE0035244A /* HabitPlusApp.swift */,
				E39CAD792B3513CF0035244A /* Assets.xcassets */,
				E39CAD7B2B3513CF0035244A /* Preview Content */,
			);
			path = HabitPlus;
			sourceTree = "<group>";
		};
		E39CAD7B2B3513CF0035244A /* Preview Content */ = {
			isa = PBXGroup;
			children = (
				E39CAD7C2B3513CF0035244A /* Preview Assets.xcassets */,
			);
			path = "Preview Content";
			sourceTree = "<group>";
		};
		E39CAD832B3514490035244A /* Splash */ = {
			isa = PBXGroup;
			children = (
				E39CAD842B35145B0035244A /* View */,
				E39CAD8A2B372C660035244A /* ViewModel */,
				E39CAD872B36F4810035244A /* Model */,
			);
			path = Splash;
			sourceTree = "<group>";
		};
		E39CAD842B35145B0035244A /* View */ = {
			isa = PBXGroup;
			children = (
				E39CAD852B35146E0035244A /* SplashView.swift */,
			);
			path = View;
			sourceTree = "<group>";
		};
		E39CAD872B36F4810035244A /* Model */ = {
			isa = PBXGroup;
			children = (
				E39CAD882B36F5040035244A /* SplashUIState.swift */,
			);
			path = Model;
			sourceTree = "<group>";
		};
		E39CAD8A2B372C660035244A /* ViewModel */ = {
			isa = PBXGroup;
			children = (
				E39CAD8B2B372ECB0035244A /* SplashViewModel.swift */,
				E39CAD952B3753660035244A /* SplashVIewRouter.swift */,
			);
			path = ViewModel;
			sourceTree = "<group>";
		};
		E39CAD8D2B3751F50035244A /* LogIn */ = {
			isa = PBXGroup;
			children = (
				E39CAD8E2B3752060035244A /* View */,
				E39CAD902B37521D0035244A /* Model */,
			);
			path = LogIn;
			sourceTree = "<group>";
		};
		E39CAD8E2B3752060035244A /* View */ = {
			isa = PBXGroup;
			children = (
				E39CAD912B3752380035244A /* LogInView.swift */,
				E39CAD8F2B3752120035244A /* ViewModel */,
			);
			path = View;
			sourceTree = "<group>";
		};
		E39CAD8F2B3752120035244A /* ViewModel */ = {
			isa = PBXGroup;
			children = (
				E39CAD932B37525D0035244A /* LogInViewModel.swift */,
				E39CAD992B3843440035244A /* LogInViewRouter.swift */,
			);
			path = ViewModel;
			sourceTree = "<group>";
		};
		E39CAD902B37521D0035244A /* Model */ = {
			isa = PBXGroup;
			children = (
				E39CAD972B383DD60035244A /* LogInUIState.swift */,
			);
			path = Model;
			sourceTree = "<group>";
		};
		E39CAD9B2B38438E0035244A /* Home */ = {
			isa = PBXGroup;
			children = (
				E39CAD9C2B3843940035244A /* View */,
				E39CAD9D2B3843990035244A /* ViewModel */,
				E39CAD9E2B3843A80035244A /* Model */,
			);
			path = Home;
			sourceTree = "<group>";
		};
		E39CAD9C2B3843940035244A /* View */ = {
			isa = PBXGroup;
			children = (
				E39CADA12B3843C20035244A /* HomeView.swift */,
			);
			path = View;
			sourceTree = "<group>";
		};
		E39CAD9D2B3843990035244A /* ViewModel */ = {
			isa = PBXGroup;
			children = (
				E39CAD9F2B3843B60035244A /* HomeViewModel.swift */,
			);
			path = ViewModel;
			sourceTree = "<group>";
		};
		E39CAD9E2B3843A80035244A /* Model */ = {
			isa = PBXGroup;
			children = (
			);
			path = Model;
			sourceTree = "<group>";
		};
		E39CADA32B38D66A0035244A /* SignUp */ = {
			isa = PBXGroup;
			children = (
				E39CADA62B38D6840035244A /* View */,
				E39CADA52B38D67C0035244A /* ViewModel */,
				E39CADA42B38D6760035244A /* Model */,
			);
			path = SignUp;
			sourceTree = "<group>";
		};
		E39CADA42B38D6760035244A /* Model */ = {
			isa = PBXGroup;
			children = (
				E39CADAD2B3A1EE80035244A /* SignUpUIState.swift */,
			);
			path = Model;
			sourceTree = "<group>";
		};
		E39CADA52B38D67C0035244A /* ViewModel */ = {
			isa = PBXGroup;
			children = (
				E39CADAF2B3A1F2C0035244A /* SignUpViewModel.swift */,
				E39CADB12B3A1FD50035244A /* SignUpViewRouter.swift */,
			);
			path = ViewModel;
			sourceTree = "<group>";
		};
		E39CADA62B38D6840035244A /* View */ = {
			isa = PBXGroup;
			children = (
				E39CADA72B38D68F0035244A /* SignUpVIew.swift */,
			);
			path = View;
			sourceTree = "<group>";
		};
		E39CADA92B3A15080035244A /* Common */ = {
			isa = PBXGroup;
			children = (
				E36A63B52B3C89EF006C0F4B /* Lang */,
				E3F173E92B3B35640084413D /* View */,
				E39CADAA2B3A15150035244A /* Model */,
			);
			path = Common;
			sourceTree = "<group>";
		};
		E39CADAA2B3A15150035244A /* Model */ = {
			isa = PBXGroup;
			children = (
				E39CADAB2B3A15210035244A /* Gender.swift */,
			);
			path = Model;
			sourceTree = "<group>";
		};
		E3F173E92B3B35640084413D /* View */ = {
			isa = PBXGroup;
			children = (
				E3F173EC2B3C20AD0084413D /* Style */,
				E3F173EA2B3B35740084413D /* EditTextView.swift */,
				E3568C792B3D6F5D002BE9E7 /* LoadingButtonView.swift */,
			);
			path = View;
			sourceTree = "<group>";
		};
		E3F173EC2B3C20AD0084413D /* Style */ = {
			isa = PBXGroup;
			children = (
				E3F173ED2B3C20CC0084413D /* CustomTextFieldStyle.swift */,
			);
			path = Style;
			sourceTree = "<group>";
		};
/* End PBXGroup section */

/* Begin PBXNativeTarget section */
		E39CAD712B3513CE0035244A /* HabitPlus */ = {
			isa = PBXNativeTarget;
			buildConfigurationList = E39CAD802B3513D00035244A /* Build configuration list for PBXNativeTarget "HabitPlus" */;
			buildPhases = (
				E39CAD6E2B3513CE0035244A /* Sources */,
				E39CAD6F2B3513CE0035244A /* Frameworks */,
				E39CAD702B3513CE0035244A /* Resources */,
			);
			buildRules = (
			);
			dependencies = (
			);
			name = HabitPlus;
			productName = HabitPlus;
			productReference = E39CAD722B3513CE0035244A /* HabitPlus.app */;
			productType = "com.apple.product-type.application";
		};
/* End PBXNativeTarget section */

/* Begin PBXProject section */
		E39CAD6A2B3513CE0035244A /* Project object */ = {
			isa = PBXProject;
			attributes = {
				BuildIndependentTargetsInParallel = 1;
				LastSwiftUpdateCheck = 1510;
				LastUpgradeCheck = 1510;
				TargetAttributes = {
					E39CAD712B3513CE0035244A = {
						CreatedOnToolsVersion = 15.1;
					};
				};
			};
			buildConfigurationList = E39CAD6D2B3513CE0035244A /* Build configuration list for PBXProject "HabitPlus" */;
			compatibilityVersion = "Xcode 14.0";
			developmentRegion = en;
			hasScannedForEncodings = 0;
			knownRegions = (
				en,
				Base,
			);
			mainGroup = E39CAD692B3513CE0035244A;
			productRefGroup = E39CAD732B3513CE0035244A /* Products */;
			projectDirPath = "";
			projectRoot = "";
			targets = (
				E39CAD712B3513CE0035244A /* HabitPlus */,
			);
		};
/* End PBXProject section */

/* Begin PBXResourcesBuildPhase section */
		E39CAD702B3513CE0035244A /* Resources */ = {
			isa = PBXResourcesBuildPhase;
			buildActionMask = 2147483647;
			files = (
				E39CAD7D2B3513CF0035244A /* Preview Assets.xcassets in Resources */,
				E39CAD7A2B3513CF0035244A /* Assets.xcassets in Resources */,
			);
			runOnlyForDeploymentPostprocessing = 0;
		};
/* End PBXResourcesBuildPhase section */

/* Begin PBXSourcesBuildPhase section */
		E39CAD6E2B3513CE0035244A /* Sources */ = {
			isa = PBXSourcesBuildPhase;
			buildActionMask = 2147483647;
			files = (
				E39CADA82B38D68F0035244A /* SignUpVIew.swift in Sources */,
				E39CAD922B3752380035244A /* LogInView.swift in Sources */,
				E39CAD962B3753660035244A /* SplashVIewRouter.swift in Sources */,
				E3568C7A2B3D6F5D002BE9E7 /* LoadingButtonView.swift in Sources */,
				E39CADB22B3A1FD50035244A /* SignUpViewRouter.swift in Sources */,
				E39CAD892B36F5040035244A /* SplashUIState.swift in Sources */,
				E39CADA02B3843B60035244A /* HomeViewModel.swift in Sources */,
				E39CAD762B3513CE0035244A /* HabitPlusApp.swift in Sources */,
				E39CADA22B3843C20035244A /* HomeView.swift in Sources */,
				E36A63B72B3C8A1A006C0F4B /* String+Extension.swift in Sources */,
				E39CADB02B3A1F2C0035244A /* SignUpViewModel.swift in Sources */,
				E39CADAE2B3A1EE80035244A /* SignUpUIState.swift in Sources */,
				E39CAD862B35146E0035244A /* SplashView.swift in Sources */,
				E39CADAC2B3A15210035244A /* Gender.swift in Sources */,
				E39CAD982B383DD60035244A /* LogInUIState.swift in Sources */,
				E39CAD942B37525D0035244A /* LogInViewModel.swift in Sources */,
				E3F173EE2B3C20CC0084413D /* CustomTextFieldStyle.swift in Sources */,
				E3F173EB2B3B35740084413D /* EditTextView.swift in Sources */,
				E39CAD9A2B3843440035244A /* LogInViewRouter.swift in Sources */,
				E39CAD8C2B372ECB0035244A /* SplashViewModel.swift in Sources */,
			);
			runOnlyForDeploymentPostprocessing = 0;
		};
/* End PBXSourcesBuildPhase section */

/* Begin XCBuildConfiguration section */
		E39CAD7E2B3513D00035244A /* Debug */ = {
			isa = XCBuildConfiguration;
			buildSettings = {
				ALWAYS_SEARCH_USER_PATHS = NO;
				ASSETCATALOG_COMPILER_GENERATE_SWIFT_ASSET_SYMBOL_EXTENSIONS = YES;
				CLANG_ANALYZER_NONNULL = YES;
				CLANG_ANALYZER_NUMBER_OBJECT_CONVERSION = YES_AGGRESSIVE;
				CLANG_CXX_LANGUAGE_STANDARD = "gnu++20";
				CLANG_ENABLE_MODULES = YES;
				CLANG_ENABLE_OBJC_ARC = YES;
				CLANG_ENABLE_OBJC_WEAK = YES;
				CLANG_WARN_BLOCK_CAPTURE_AUTORELEASING = YES;
				CLANG_WARN_BOOL_CONVERSION = YES;
				CLANG_WARN_COMMA = YES;
				CLANG_WARN_CONSTANT_CONVERSION = YES;
				CLANG_WARN_DEPRECATED_OBJC_IMPLEMENTATIONS = YES;
				CLANG_WARN_DIRECT_OBJC_ISA_USAGE = YES_ERROR;
				CLANG_WARN_DOCUMENTATION_COMMENTS = YES;
				CLANG_WARN_EMPTY_BODY = YES;
				CLANG_WARN_ENUM_CONVERSION = YES;
				CLANG_WARN_INFINITE_RECURSION = YES;
				CLANG_WARN_INT_CONVERSION = YES;
				CLANG_WARN_NON_LITERAL_NULL_CONVERSION = YES;
				CLANG_WARN_OBJC_IMPLICIT_RETAIN_SELF = YES;
				CLANG_WARN_OBJC_LITERAL_CONVERSION = YES;
				CLANG_WARN_OBJC_ROOT_CLASS = YES_ERROR;
				CLANG_WARN_QUOTED_INCLUDE_IN_FRAMEWORK_HEADER = YES;
				CLANG_WARN_RANGE_LOOP_ANALYSIS = YES;
				CLANG_WARN_STRICT_PROTOTYPES = YES;
				CLANG_WARN_SUSPICIOUS_MOVE = YES;
				CLANG_WARN_UNGUARDED_AVAILABILITY = YES_AGGRESSIVE;
				CLANG_WARN_UNREACHABLE_CODE = YES;
				CLANG_WARN__DUPLICATE_METHOD_MATCH = YES;
				COPY_PHASE_STRIP = NO;
				DEBUG_INFORMATION_FORMAT = dwarf;
				ENABLE_STRICT_OBJC_MSGSEND = YES;
				ENABLE_TESTABILITY = YES;
				ENABLE_USER_SCRIPT_SANDBOXING = YES;
				GCC_C_LANGUAGE_STANDARD = gnu17;
				GCC_DYNAMIC_NO_PIC = NO;
				GCC_NO_COMMON_BLOCKS = YES;
				GCC_OPTIMIZATION_LEVEL = 0;
				GCC_PREPROCESSOR_DEFINITIONS = (
					"DEBUG=1",
					"$(inherited)",
				);
				GCC_WARN_64_TO_32_BIT_CONVERSION = YES;
				GCC_WARN_ABOUT_RETURN_TYPE = YES_ERROR;
				GCC_WARN_UNDECLARED_SELECTOR = YES;
				GCC_WARN_UNINITIALIZED_AUTOS = YES_AGGRESSIVE;
				GCC_WARN_UNUSED_FUNCTION = YES;
				GCC_WARN_UNUSED_VARIABLE = YES;
				IPHONEOS_DEPLOYMENT_TARGET = 17.1;
				LOCALIZATION_PREFERS_STRING_CATALOGS = YES;
				MTL_ENABLE_DEBUG_INFO = INCLUDE_SOURCE;
				MTL_FAST_MATH = YES;
				ONLY_ACTIVE_ARCH = YES;
				SDKROOT = iphoneos;
				SWIFT_ACTIVE_COMPILATION_CONDITIONS = "DEBUG $(inherited)";
				SWIFT_OPTIMIZATION_LEVEL = "-Onone";
			};
			name = Debug;
		};
		E39CAD7F2B3513D00035244A /* Release */ = {
			isa = XCBuildConfiguration;
			buildSettings = {
				ALWAYS_SEARCH_USER_PATHS = NO;
				ASSETCATALOG_COMPILER_GENERATE_SWIFT_ASSET_SYMBOL_EXTENSIONS = YES;
				CLANG_ANALYZER_NONNULL = YES;
				CLANG_ANALYZER_NUMBER_OBJECT_CONVERSION = YES_AGGRESSIVE;
				CLANG_CXX_LANGUAGE_STANDARD = "gnu++20";
				CLANG_ENABLE_MODULES = YES;
				CLANG_ENABLE_OBJC_ARC = YES;
				CLANG_ENABLE_OBJC_WEAK = YES;
				CLANG_WARN_BLOCK_CAPTURE_AUTORELEASING = YES;
				CLANG_WARN_BOOL_CONVERSION = YES;
				CLANG_WARN_COMMA = YES;
				CLANG_WARN_CONSTANT_CONVERSION = YES;
				CLANG_WARN_DEPRECATED_OBJC_IMPLEMENTATIONS = YES;
				CLANG_WARN_DIRECT_OBJC_ISA_USAGE = YES_ERROR;
				CLANG_WARN_DOCUMENTATION_COMMENTS = YES;
				CLANG_WARN_EMPTY_BODY = YES;
				CLANG_WARN_ENUM_CONVERSION = YES;
				CLANG_WARN_INFINITE_RECURSION = YES;
				CLANG_WARN_INT_CONVERSION = YES;
				CLANG_WARN_NON_LITERAL_NULL_CONVERSION = YES;
				CLANG_WARN_OBJC_IMPLICIT_RETAIN_SELF = YES;
				CLANG_WARN_OBJC_LITERAL_CONVERSION = YES;
				CLANG_WARN_OBJC_ROOT_CLASS = YES_ERROR;
				CLANG_WARN_QUOTED_INCLUDE_IN_FRAMEWORK_HEADER = YES;
				CLANG_WARN_RANGE_LOOP_ANALYSIS = YES;
				CLANG_WARN_STRICT_PROTOTYPES = YES;
				CLANG_WARN_SUSPICIOUS_MOVE = YES;
				CLANG_WARN_UNGUARDED_AVAILABILITY = YES_AGGRESSIVE;
				CLANG_WARN_UNREACHABLE_CODE = YES;
				CLANG_WARN__DUPLICATE_METHOD_MATCH = YES;
				COPY_PHASE_STRIP = NO;
				DEBUG_INFORMATION_FORMAT = "dwarf-with-dsym";
				ENABLE_NS_ASSERTIONS = NO;
				ENABLE_STRICT_OBJC_MSGSEND = YES;
				ENABLE_USER_SCRIPT_SANDBOXING = YES;
				GCC_C_LANGUAGE_STANDARD = gnu17;
				GCC_NO_COMMON_BLOCKS = YES;
				GCC_WARN_64_TO_32_BIT_CONVERSION = YES;
				GCC_WARN_ABOUT_RETURN_TYPE = YES_ERROR;
				GCC_WARN_UNDECLARED_SELECTOR = YES;
				GCC_WARN_UNINITIALIZED_AUTOS = YES_AGGRESSIVE;
				GCC_WARN_UNUSED_FUNCTION = YES;
				GCC_WARN_UNUSED_VARIABLE = YES;
				IPHONEOS_DEPLOYMENT_TARGET = 17.1;
				LOCALIZATION_PREFERS_STRING_CATALOGS = YES;
				MTL_ENABLE_DEBUG_INFO = NO;
				MTL_FAST_MATH = YES;
				SDKROOT = iphoneos;
				SWIFT_COMPILATION_MODE = wholemodule;
				VALIDATE_PRODUCT = YES;
			};
			name = Release;
		};
		E39CAD812B3513D00035244A /* Debug */ = {
			isa = XCBuildConfiguration;
			buildSettings = {
				ASSETCATALOG_COMPILER_APPICON_NAME = AppIcon;
				ASSETCATALOG_COMPILER_GLOBAL_ACCENT_COLOR_NAME = AccentColor;
				CODE_SIGN_STYLE = Automatic;
				CURRENT_PROJECT_VERSION = 1;
				DEVELOPMENT_ASSET_PATHS = "\"HabitPlus/Preview Content\"";
				DEVELOPMENT_TEAM = 4522PA6SW9;
				ENABLE_PREVIEWS = YES;
				GENERATE_INFOPLIST_FILE = YES;
				INFOPLIST_KEY_UIApplicationSceneManifest_Generation = YES;
				INFOPLIST_KEY_UIApplicationSupportsIndirectInputEvents = YES;
				INFOPLIST_KEY_UILaunchScreen_Generation = YES;
				INFOPLIST_KEY_UISupportedInterfaceOrientations_iPad = "UIInterfaceOrientationPortrait UIInterfaceOrientationPortraitUpsideDown UIInterfaceOrientationLandscapeLeft UIInterfaceOrientationLandscapeRight";
				INFOPLIST_KEY_UISupportedInterfaceOrientations_iPhone = "UIInterfaceOrientationPortrait UIInterfaceOrientationLandscapeLeft UIInterfaceOrientationLandscapeRight";
				IPHONEOS_DEPLOYMENT_TARGET = 14.0;
				LD_RUNPATH_SEARCH_PATHS = (
					"$(inherited)",
					"@executable_path/Frameworks",
				);
				MARKETING_VERSION = 1.0;
				PRODUCT_BUNDLE_IDENTIFIER = BorgesArthur.HabitPlus;
				PRODUCT_NAME = "$(TARGET_NAME)";
				SWIFT_EMIT_LOC_STRINGS = YES;
				SWIFT_VERSION = 5.0;
				TARGETED_DEVICE_FAMILY = "1,2";
			};
			name = Debug;
		};
		E39CAD822B3513D00035244A /* Release */ = {
			isa = XCBuildConfiguration;
			buildSettings = {
				ASSETCATALOG_COMPILER_APPICON_NAME = AppIcon;
				ASSETCATALOG_COMPILER_GLOBAL_ACCENT_COLOR_NAME = AccentColor;
				CODE_SIGN_STYLE = Automatic;
				CURRENT_PROJECT_VERSION = 1;
				DEVELOPMENT_ASSET_PATHS = "\"HabitPlus/Preview Content\"";
				DEVELOPMENT_TEAM = 4522PA6SW9;
				ENABLE_PREVIEWS = YES;
				GENERATE_INFOPLIST_FILE = YES;
				INFOPLIST_KEY_UIApplicationSceneManifest_Generation = YES;
				INFOPLIST_KEY_UIApplicationSupportsIndirectInputEvents = YES;
				INFOPLIST_KEY_UILaunchScreen_Generation = YES;
				INFOPLIST_KEY_UISupportedInterfaceOrientations_iPad = "UIInterfaceOrientationPortrait UIInterfaceOrientationPortraitUpsideDown UIInterfaceOrientationLandscapeLeft UIInterfaceOrientationLandscapeRight";
				INFOPLIST_KEY_UISupportedInterfaceOrientations_iPhone = "UIInterfaceOrientationPortrait UIInterfaceOrientationLandscapeLeft UIInterfaceOrientationLandscapeRight";
				IPHONEOS_DEPLOYMENT_TARGET = 14.0;
				LD_RUNPATH_SEARCH_PATHS = (
					"$(inherited)",
					"@executable_path/Frameworks",
				);
				MARKETING_VERSION = 1.0;
				PRODUCT_BUNDLE_IDENTIFIER = BorgesArthur.HabitPlus;
				PRODUCT_NAME = "$(TARGET_NAME)";
				SWIFT_EMIT_LOC_STRINGS = YES;
				SWIFT_VERSION = 5.0;
				TARGETED_DEVICE_FAMILY = "1,2";
			};
			name = Release;
		};
/* End XCBuildConfiguration section */

/* Begin XCConfigurationList section */
		E39CAD6D2B3513CE0035244A /* Build configuration list for PBXProject "HabitPlus" */ = {
			isa = XCConfigurationList;
			buildConfigurations = (
				E39CAD7E2B3513D00035244A /* Debug */,
				E39CAD7F2B3513D00035244A /* Release */,
			);
			defaultConfigurationIsVisible = 0;
			defaultConfigurationName = Release;
		};
		E39CAD802B3513D00035244A /* Build configuration list for PBXNativeTarget "HabitPlus" */ = {
			isa = XCConfigurationList;
			buildConfigurations = (
				E39CAD812B3513D00035244A /* Debug */,
				E39CAD822B3513D00035244A /* Release */,
			);
			defaultConfigurationIsVisible = 0;
			defaultConfigurationName = Release;
		};
/* End XCConfigurationList section */
	};
	rootObject = E39CAD6A2B3513CE0035244A /* Project object */;
}
